
Microsoft Visual Studio Solution File, Format Version 11.00
# Visual Studio 2010
Project("{FAE04EC0-301F-11D3-BF4B-00C04F79EFBC}") = "Assembly-CSharp", "Assembly-CSharp.csproj", "{7F8A1FC1-2598-628A-838A-23C2A20BF4AB}"
EndProject
Project("{FAE04EC0-301F-11D3-BF4B-00C04F79EFBC}") = "Assembly-CSharp-Editor", "Assembly-CSharp-Editor.csproj", "{DD331776-0255-B4D3-18CD-D1E98F151DA8}"
EndProject
Global
	GlobalSection(SolutionConfigurationPlatforms) = preSolution
		Debug|Any CPU = Debug|Any CPU
		Release|Any CPU = Release|Any CPU
	EndGlobalSection
	GlobalSection(ProjectConfigurationPlatforms) = postSolution
		{7F8A1FC1-2598-628A-838A-23C2A20BF4AB}.Debug|Any CPU.ActiveCfg = Debug|Any CPU
		{7F8A1FC1-2598-628A-838A-23C2A20BF4AB}.Debug|Any CPU.Build.0 = Debug|Any CPU
		{7F8A1FC1-2598-628A-838A-23C2A20BF4AB}.Release|Any CPU.ActiveCfg = Release|Any CPU
		{7F8A1FC1-2598-628A-838A-23C2A20BF4AB}.Release|Any CPU.Build.0 = Release|Any CPU
		{DD331776-0255-B4D3-18CD-D1E98F151DA8}.Debug|Any CPU.ActiveCfg = Debug|Any CPU
		{DD331776-0255-B4D3-18CD-D1E98F151DA8}.Debug|Any CPU.Build.0 = Debug|Any CPU
		{DD331776-0255-B4D3-18CD-D1E98F151DA8}.Release|Any CPU.ActiveCfg = Release|Any CPU
		{DD331776-0255-B4D3-18CD-D1E98F151DA8}.Release|Any CPU.Build.0 = Release|Any CPU
	EndGlobalSection
	GlobalSection(SolutionProperties) = preSolution
		HideSolutionNode = FALSE
	EndGlobalSection
EndGlobal
